
Microsoft Visual Studio Solution File, Format Version 12.00
# Visual Studio Version 17
VisualStudioVersion = 17.11.35312.102
MinimumVisualStudioVersion = 10.0.40219.1
Project("{9A19103F-16F7-4668-BE54-9A1E7A4F7556}") = "optical-character-recognition.Api", "optical-character-recognition\optical-character-recognition.Api.csproj", "{66ECD212-984D-4EFB-BD4B-E239F9178CCC}"
EndProject
Project("{FAE04EC0-301F-11D3-BF4B-00C04F79EFBC}") = "optical-character-recognition.Service", "optical-character-recognition.Service\optical-character-recognition.Service.csproj", "{2A39E445-33F1-48CB-9EDD-A0874878ACC4}"
EndProject
Global
	GlobalSection(SolutionConfigurationPlatforms) = preSolution
		Debug|Any CPU = Debug|Any CPU
		Release|Any CPU = Release|Any CPU
	EndGlobalSection
	GlobalSection(ProjectConfigurationPlatforms) = postSolution
		{66ECD212-984D-4EFB-BD4B-E239F9178CCC}.Debug|Any CPU.ActiveCfg = Debug|Any CPU
		{66ECD212-984D-4EFB-BD4B-E239F9178CCC}.Debug|Any CPU.Build.0 = Debug|Any CPU
		{66ECD212-984D-4EFB-BD4B-E239F9178CCC}.Release|Any CPU.ActiveCfg = Release|Any CPU
		{66ECD212-984D-4EFB-BD4B-E239F9178CCC}.Release|Any CPU.Build.0 = Release|Any CPU
		{2A39E445-33F1-48CB-9EDD-A0874878ACC4}.Debug|Any CPU.ActiveCfg = Debug|Any CPU
		{2A39E445-33F1-48CB-9EDD-A0874878ACC4}.Debug|Any CPU.Build.0 = Debug|Any CPU
		{2A39E445-33F1-48CB-9EDD-A0874878ACC4}.Release|Any CPU.ActiveCfg = Release|Any CPU
		{2A39E445-33F1-48CB-9EDD-A0874878ACC4}.Release|Any CPU.Build.0 = Release|Any CPU
	EndGlobalSection
	GlobalSection(SolutionProperties) = preSolution
		HideSolutionNode = FALSE
	EndGlobalSection
	GlobalSection(ExtensibilityGlobals) = postSolution
		SolutionGuid = {CC6277A5-F58C-40E6-B3B8-8BCDF60E32A8}
	EndGlobalSection
EndGlobal
